
Microsoft Visual Studio Solution File, Format Version 12.00
# Visual Studio 15
VisualStudioVersion = 15.0.27703.2047
MinimumVisualStudioVersion = 10.0.40219.1
Project("{FAE04EC0-301F-11D3-BF4B-00C04F79EFBC}") = "TravelRecordApp.Android", "TravelRecordApp\TravelRecordApp.Android\TravelRecordApp.Android.csproj", "{C9572618-6CA5-4E69-91F9-BC1F93D91572}"
EndProject
Project("{FAE04EC0-301F-11D3-BF4B-00C04F79EFBC}") = "TravelRecordApp.iOS", "TravelRecordApp\TravelRecordApp.iOS\TravelRecordApp.iOS.csproj", "{BAC22293-4586-4F77-B962-DF646EE2802C}"
EndProject
Project("{FAE04EC0-301F-11D3-BF4B-00C04F79EFBC}") = "TravelRecordApp.UWP", "TravelRecordApp\TravelRecordApp.UWP\TravelRecordApp.UWP.csproj", "{E40DF4A2-859E-4ED9-BC1B-B78F314CA7F0}"
EndProject
Project("{FAE04EC0-301F-11D3-BF4B-00C04F79EFBC}") = "TravelRecordApp", "TravelRecordApp\TravelRecordApp\TravelRecordApp.csproj", "{F9C27327-5204-4EBB-BF6F-9592523837A7}"
EndProject
Global
	GlobalSection(SolutionConfigurationPlatforms) = preSolution
		Ad-Hoc|Any CPU = Ad-Hoc|Any CPU
		Ad-Hoc|ARM = Ad-Hoc|ARM
		Ad-Hoc|iPhone = Ad-Hoc|iPhone
		Ad-Hoc|iPhoneSimulator = Ad-Hoc|iPhoneSimulator
		Ad-Hoc|x64 = Ad-Hoc|x64
		Ad-Hoc|x86 = Ad-Hoc|x86
		AppStore|Any CPU = AppStore|Any CPU
		AppStore|ARM = AppStore|ARM
		AppStore|iPhone = AppStore|iPhone
		AppStore|iPhoneSimulator = AppStore|iPhoneSimulator
		AppStore|x64 = AppStore|x64
		AppStore|x86 = AppStore|x86
		Debug|Any CPU = Debug|Any CPU
		Debug|ARM = Debug|ARM
		Debug|iPhone = Debug|iPhone
		Debug|iPhoneSimulator = Debug|iPhoneSimulator
		Debug|x64 = Debug|x64
		Debug|x86 = Debug|x86
		Release|Any CPU = Release|Any CPU
		Release|ARM = Release|ARM
		Release|iPhone = Release|iPhone
		Release|iPhoneSimulator = Release|iPhoneSimulator
		Release|x64 = Release|x64
		Release|x86 = Release|x86
	EndGlobalSection
	GlobalSection(ProjectConfigurationPlatforms) = postSolution
		{C9572618-6CA5-4E69-91F9-BC1F93D91572}.Ad-Hoc|Any CPU.ActiveCfg = Release|Any CPU
		{C9572618-6CA5-4E69-91F9-BC1F93D91572}.Ad-Hoc|Any CPU.Build.0 = Release|Any CPU
		{C9572618-6CA5-4E69-91F9-BC1F93D91572}.Ad-Hoc|Any CPU.Deploy.0 = Release|Any CPU
		{C9572618-6CA5-4E69-91F9-BC1F93D91572}.Ad-Hoc|ARM.ActiveCfg = Release|Any CPU
		{C9572618-6CA5-4E69-91F9-BC1F93D91572}.Ad-Hoc|ARM.Build.0 = Release|Any CPU
		{C9572618-6CA5-4E69-91F9-BC1F93D91572}.Ad-Hoc|ARM.Deploy.0 = Release|Any CPU
		{C9572618-6CA5-4E69-91F9-BC1F93D91572}.Ad-Hoc|iPhone.ActiveCfg = Release|Any CPU
		{C9572618-6CA5-4E69-91F9-BC1F93D91572}.Ad-Hoc|iPhone.Build.0 = Release|Any CPU
		{C9572618-6CA5-4E69-91F9-BC1F93D91572}.Ad-Hoc|iPhone.Deploy.0 = Release|Any CPU
		{C9572618-6CA5-4E69-91F9-BC1F93D91572}.Ad-Hoc|iPhoneSimulator.ActiveCfg = Release|Any CPU
		{C9572618-6CA5-4E69-91F9-BC1F93D91572}.Ad-Hoc|iPhoneSimulator.Build.0 = Release|Any CPU
		{C9572618-6CA5-4E69-91F9-BC1F93D91572}.Ad-Hoc|iPhoneSimulator.Deploy.0 = Release|Any CPU
		{C9572618-6CA5-4E69-91F9-BC1F93D91572}.Ad-Hoc|x64.ActiveCfg = Release|Any CPU
		{C9572618-6CA5-4E69-91F9-BC1F93D91572}.Ad-Hoc|x64.Build.0 = Release|Any CPU
		{C9572618-6CA5-4E69-91F9-BC1F93D91572}.Ad-Hoc|x64.Deploy.0 = Release|Any CPU
		{C9572618-6CA5-4E69-91F9-BC1F93D91572}.Ad-Hoc|x86.ActiveCfg = Release|Any CPU
		{C9572618-6CA5-4E69-91F9-BC1F93D91572}.Ad-Hoc|x86.Build.0 = Release|Any CPU
		{C9572618-6CA5-4E69-91F9-BC1F93D91572}.Ad-Hoc|x86.Deploy.0 = Release|Any CPU
		{C9572618-6CA5-4E69-91F9-BC1F93D91572}.AppStore|Any CPU.ActiveCfg = Release|Any CPU
		{C9572618-6CA5-4E69-91F9-BC1F93D91572}.AppStore|Any CPU.Build.0 = Release|Any CPU
		{C9572618-6CA5-4E69-91F9-BC1F93D91572}.AppStore|Any CPU.Deploy.0 = Release|Any CPU
		{C9572618-6CA5-4E69-91F9-BC1F93D91572}.AppStore|ARM.ActiveCfg = Release|Any CPU
		{C9572618-6CA5-4E69-91F9-BC1F93D91572}.AppStore|ARM.Build.0 = Release|Any CPU
		{C9572618-6CA5-4E69-91F9-BC1F93D91572}.AppStore|ARM.Deploy.0 = Release|Any CPU
		{C9572618-6CA5-4E69-91F9-BC1F93D91572}.AppStore|iPhone.ActiveCfg = Release|Any CPU
		{C9572618-6CA5-4E69-91F9-BC1F93D91572}.AppStore|iPhone.Build.0 = Release|Any CPU
		{C9572618-6CA5-4E69-91F9-BC1F93D91572}.AppStore|iPhone.Deploy.0 = Release|Any CPU
		{C9572618-6CA5-4E69-91F9-BC1F93D91572}.AppStore|iPhoneSimulator.ActiveCfg = Release|Any CPU
		{C9572618-6CA5-4E69-91F9-BC1F93D91572}.AppStore|iPhoneSimulator.Build.0 = Release|Any CPU
		{C9572618-6CA5-4E69-91F9-BC1F93D91572}.AppStore|iPhoneSimulator.Deploy.0 = Release|Any CPU
		{C9572618-6CA5-4E69-91F9-BC1F93D91572}.AppStore|x64.ActiveCfg = Release|Any CPU
		{C9572618-6CA5-4E69-91F9-BC1F93D91572}.AppStore|x64.Build.0 = Release|Any CPU
		{C9572618-6CA5-4E69-91F9-BC1F93D91572}.AppStore|x64.Deploy.0 = Release|Any CPU
		{C9572618-6CA5-4E69-91F9-BC1F93D91572}.AppStore|x86.ActiveCfg = Release|Any CPU
		{C9572618-6CA5-4E69-91F9-BC1F93D91572}.AppStore|x86.Build.0 = Release|Any CPU
		{C9572618-6CA5-4E69-91F9-BC1F93D91572}.AppStore|x86.Deploy.0 = Release|Any CPU
		{C9572618-6CA5-4E69-91F9-BC1F93D91572}.Debug|Any CPU.ActiveCfg = Debug|Any CPU
		{C9572618-6CA5-4E69-91F9-BC1F93D91572}.Debug|Any CPU.Build.0 = Debug|Any CPU
		{C9572618-6CA5-4E69-91F9-BC1F93D91572}.Debug|Any CPU.Deploy.0 = Debug|Any CPU
		{C9572618-6CA5-4E69-91F9-BC1F93D91572}.Debug|ARM.ActiveCfg = Debug|Any CPU
		{C9572618-6CA5-4E69-91F9-BC1F93D91572}.Debug|ARM.Build.0 = Debug|Any CPU
		{C9572618-6CA5-4E69-91F9-BC1F93D91572}.Debug|ARM.Deploy.0 = Debug|Any CPU
		{C9572618-6CA5-4E69-91F9-BC1F93D91572}.Debug|iPhone.ActiveCfg = Debug|Any CPU
		{C9572618-6CA5-4E69-91F9-BC1F93D91572}.Debug|iPhone.Build.0 = Debug|Any CPU
		{C9572618-6CA5-4E69-91F9-BC1F93D91572}.Debug|iPhone.Deploy.0 = Debug|Any CPU
		{C9572618-6CA5-4E69-91F9-BC1F93D91572}.Debug|iPhoneSimulator.ActiveCfg = Debug|Any CPU
		{C9572618-6CA5-4E69-91F9-BC1F93D91572}.Debug|iPhoneSimulator.Build.0 = Debug|Any CPU
		{C9572618-6CA5-4E69-91F9-BC1F93D91572}.Debug|iPhoneSimulator.Deploy.0 = Debug|Any CPU
		{C9572618-6CA5-4E69-91F9-BC1F93D91572}.Debug|x64.ActiveCfg = Debug|Any CPU
		{C9572618-6CA5-4E69-91F9-BC1F93D91572}.Debug|x64.Build.0 = Debug|Any CPU
		{C9572618-6CA5-4E69-91F9-BC1F93D91572}.Debug|x64.Deploy.0 = Debug|Any CPU
		{C9572618-6CA5-4E69-91F9-BC1F93D91572}.Debug|x86.ActiveCfg = Debug|Any CPU
		{C9572618-6CA5-4E69-91F9-BC1F93D91572}.Debug|x86.Build.0 = Debug|Any CPU
		{C9572618-6CA5-4E69-91F9-BC1F93D91572}.Debug|x86.Deploy.0 = Debug|Any CPU
		{C9572618-6CA5-4E69-91F9-BC1F93D91572}.Release|Any CPU.ActiveCfg = Release|Any CPU
		{C9572618-6CA5-4E69-91F9-BC1F93D91572}.Release|Any CPU.Build.0 = Release|Any CPU
		{C9572618-6CA5-4E69-91F9-BC1F93D91572}.Release|Any CPU.Deploy.0 = Release|Any CPU
		{C9572618-6CA5-4E69-91F9-BC1F93D91572}.Release|ARM.ActiveCfg = Release|Any CPU
		{C9572618-6CA5-4E69-91F9-BC1F93D91572}.Release|ARM.Build.0 = Release|Any CPU
		{C9572618-6CA5-4E69-91F9-BC1F93D91572}.Release|ARM.Deploy.0 = Release|Any CPU
		{C9572618-6CA5-4E69-91F9-BC1F93D91572}.Release|iPhone.ActiveCfg = Release|Any CPU
		{C9572618-6CA5-4E69-91F9-BC1F93D91572}.Release|iPhone.Build.0 = Release|Any CPU
		{C9572618-6CA5-4E69-91F9-BC1F93D91572}.Release|iPhone.Deploy.0 = Release|Any CPU
		{C9572618-6CA5-4E69-91F9-BC1F93D91572}.Release|iPhoneSimulator.ActiveCfg = Release|Any CPU
		{C9572618-6CA5-4E69-91F9-BC1F93D91572}.Release|iPhoneSimulator.Build.0 = Release|Any CPU
		{C9572618-6CA5-4E69-91F9-BC1F93D91572}.Release|iPhoneSimulator.Deploy.0 = Release|Any CPU
		{C9572618-6CA5-4E69-91F9-BC1F93D91572}.Release|x64.ActiveCfg = Release|Any CPU
		{C9572618-6CA5-4E69-91F9-BC1F93D91572}.Release|x64.Build.0 = Release|Any CPU
		{C9572618-6CA5-4E69-91F9-BC1F93D91572}.Release|x64.Deploy.0 = Release|Any CPU
		{C9572618-6CA5-4E69-91F9-BC1F93D91572}.Release|x86.ActiveCfg = Release|Any CPU
		{C9572618-6CA5-4E69-91F9-BC1F93D91572}.Release|x86.Build.0 = Release|Any CPU
		{C9572618-6CA5-4E69-91F9-BC1F93D91572}.Release|x86.Deploy.0 = Release|Any CPU
		{BAC22293-4586-4F77-B962-DF646EE2802C}.Ad-Hoc|Any CPU.ActiveCfg = Ad-Hoc|iPhone
		{BAC22293-4586-4F77-B962-DF646EE2802C}.Ad-Hoc|Any CPU.Build.0 = Ad-Hoc|iPhone
		{BAC22293-4586-4F77-B962-DF646EE2802C}.Ad-Hoc|Any CPU.Deploy.0 = Ad-Hoc|iPhone
		{BAC22293-4586-4F77-B962-DF646EE2802C}.Ad-Hoc|ARM.ActiveCfg = Ad-Hoc|iPhone
		{BAC22293-4586-4F77-B962-DF646EE2802C}.Ad-Hoc|ARM.Build.0 = Ad-Hoc|iPhone
		{BAC22293-4586-4F77-B962-DF646EE2802C}.Ad-Hoc|ARM.Deploy.0 = Ad-Hoc|iPhone
		{BAC22293-4586-4F77-B962-DF646EE2802C}.Ad-Hoc|iPhone.ActiveCfg = Ad-Hoc|iPhone
		{BAC22293-4586-4F77-B962-DF646EE2802C}.Ad-Hoc|iPhone.Build.0 = Ad-Hoc|iPhone
		{BAC22293-4586-4F77-B962-DF646EE2802C}.Ad-Hoc|iPhone.Deploy.0 = Ad-Hoc|iPhone
		{BAC22293-4586-4F77-B962-DF646EE2802C}.Ad-Hoc|iPhoneSimulator.ActiveCfg = Ad-Hoc|iPhoneSimulator
		{BAC22293-4586-4F77-B962-DF646EE2802C}.Ad-Hoc|iPhoneSimulator.Build.0 = Ad-Hoc|iPhoneSimulator
		{BAC22293-4586-4F77-B962-DF646EE2802C}.Ad-Hoc|iPhoneSimulator.Deploy.0 = Ad-Hoc|iPhoneSimulator
		{BAC22293-4586-4F77-B962-DF646EE2802C}.Ad-Hoc|x64.ActiveCfg = Ad-Hoc|iPhone
		{BAC22293-4586-4F77-B962-DF646EE2802C}.Ad-Hoc|x64.Build.0 = Ad-Hoc|iPhone
		{BAC22293-4586-4F77-B962-DF646EE2802C}.Ad-Hoc|x64.Deploy.0 = Ad-Hoc|iPhone
		{BAC22293-4586-4F77-B962-DF646EE2802C}.Ad-Hoc|x86.ActiveCfg = Ad-Hoc|iPhone
		{BAC22293-4586-4F77-B962-DF646EE2802C}.Ad-Hoc|x86.Build.0 = Ad-Hoc|iPhone
		{BAC22293-4586-4F77-B962-DF646EE2802C}.Ad-Hoc|x86.Deploy.0 = Ad-Hoc|iPhone
		{BAC22293-4586-4F77-B962-DF646EE2802C}.AppStore|Any CPU.ActiveCfg = AppStore|iPhone
		{BAC22293-4586-4F77-B962-DF646EE2802C}.AppStore|Any CPU.Build.0 = AppStore|iPhone
		{BAC22293-4586-4F77-B962-DF646EE2802C}.AppStore|Any CPU.Deploy.0 = AppStore|iPhone
		{BAC22293-4586-4F77-B962-DF646EE2802C}.AppStore|ARM.ActiveCfg = AppStore|iPhone
		{BAC22293-4586-4F77-B962-DF646EE2802C}.AppStore|ARM.Build.0 = AppStore|iPhone
		{BAC22293-4586-4F77-B962-DF646EE2802C}.AppStore|ARM.Deploy.0 = AppStore|iPhone
		{BAC22293-4586-4F77-B962-DF646EE2802C}.AppStore|iPhone.ActiveCfg = AppStore|iPhone
		{BAC22293-4586-4F77-B962-DF646EE2802C}.AppStore|iPhone.Build.0 = AppStore|iPhone
		{BAC22293-4586-4F77-B962-DF646EE2802C}.AppStore|iPhone.Deploy.0 = AppStore|iPhone
		{BAC22293-4586-4F77-B962-DF646EE2802C}.AppStore|iPhoneSimulator.ActiveCfg = AppStore|iPhoneSimulator
		{BAC22293-4586-4F77-B962-DF646EE2802C}.AppStore|iPhoneSimulator.Build.0 = AppStore|iPhoneSimulator
		{BAC22293-4586-4F77-B962-DF646EE2802C}.AppStore|iPhoneSimulator.Deploy.0 = AppStore|iPhoneSimulator
		{BAC22293-4586-4F77-B962-DF646EE2802C}.AppStore|x64.ActiveCfg = AppStore|iPhone
		{BAC22293-4586-4F77-B962-DF646EE2802C}.AppStore|x64.Build.0 = AppStore|iPhone
		{BAC22293-4586-4F77-B962-DF646EE2802C}.AppStore|x64.Deploy.0 = AppStore|iPhone
		{BAC22293-4586-4F77-B962-DF646EE2802C}.AppStore|x86.ActiveCfg = AppStore|iPhone
		{BAC22293-4586-4F77-B962-DF646EE2802C}.AppStore|x86.Build.0 = AppStore|iPhone
		{BAC22293-4586-4F77-B962-DF646EE2802C}.AppStore|x86.Deploy.0 = AppStore|iPhone
		{BAC22293-4586-4F77-B962-DF646EE2802C}.Debug|Any CPU.ActiveCfg = Debug|iPhoneSimulator
		{BAC22293-4586-4F77-B962-DF646EE2802C}.Debug|Any CPU.Build.0 = Debug|iPhoneSimulator
		{BAC22293-4586-4F77-B962-DF646EE2802C}.Debug|Any CPU.Deploy.0 = Debug|iPhoneSimulator
		{BAC22293-4586-4F77-B962-DF646EE2802C}.Debug|ARM.ActiveCfg = Debug|iPhone
		{BAC22293-4586-4F77-B962-DF646EE2802C}.Debug|ARM.Build.0 = Debug|iPhone
		{BAC22293-4586-4F77-B962-DF646EE2802C}.Debug|ARM.Deploy.0 = Debug|iPhone
		{BAC22293-4586-4F77-B962-DF646EE2802C}.Debug|iPhone.ActiveCfg = Debug|iPhone
		{BAC22293-4586-4F77-B962-DF646EE2802C}.Debug|iPhone.Build.0 = Debug|iPhone
		{BAC22293-4586-4F77-B962-DF646EE2802C}.Debug|iPhone.Deploy.0 = Debug|iPhone
		{BAC22293-4586-4F77-B962-DF646EE2802C}.Debug|iPhoneSimulator.ActiveCfg = Debug|iPhoneSimulator
		{BAC22293-4586-4F77-B962-DF646EE2802C}.Debug|iPhoneSimulator.Build.0 = Debug|iPhoneSimulator
		{BAC22293-4586-4F77-B962-DF646EE2802C}.Debug|iPhoneSimulator.Deploy.0 = Debug|iPhoneSimulator
		{BAC22293-4586-4F77-B962-DF646EE2802C}.Debug|x64.ActiveCfg = Debug|iPhone
		{BAC22293-4586-4F77-B962-DF646EE2802C}.Debug|x64.Build.0 = Debug|iPhone
		{BAC22293-4586-4F77-B962-DF646EE2802C}.Debug|x64.Deploy.0 = Debug|iPhone
		{BAC22293-4586-4F77-B962-DF646EE2802C}.Debug|x86.ActiveCfg = Debug|iPhone
		{BAC22293-4586-4F77-B962-DF646EE2802C}.Debug|x86.Build.0 = Debug|iPhone
		{BAC22293-4586-4F77-B962-DF646EE2802C}.Debug|x86.Deploy.0 = Debug|iPhone
		{BAC22293-4586-4F77-B962-DF646EE2802C}.Release|Any CPU.ActiveCfg = Release|iPhone
		{BAC22293-4586-4F77-B962-DF646EE2802C}.Release|Any CPU.Build.0 = Release|iPhone
		{BAC22293-4586-4F77-B962-DF646EE2802C}.Release|Any CPU.Deploy.0 = Release|iPhone
		{BAC22293-4586-4F77-B962-DF646EE2802C}.Release|ARM.ActiveCfg = Release|iPhone
		{BAC22293-4586-4F77-B962-DF646EE2802C}.Release|ARM.Build.0 = Release|iPhone
		{BAC22293-4586-4F77-B962-DF646EE2802C}.Release|ARM.Deploy.0 = Release|iPhone
		{BAC22293-4586-4F77-B962-DF646EE2802C}.Release|iPhone.ActiveCfg = Release|iPhone
		{BAC22293-4586-4F77-B962-DF646EE2802C}.Release|iPhone.Build.0 = Release|iPhone
		{BAC22293-4586-4F77-B962-DF646EE2802C}.Release|iPhone.Deploy.0 = Release|iPhone
		{BAC22293-4586-4F77-B962-DF646EE2802C}.Release|iPhoneSimulator.ActiveCfg = Release|iPhoneSimulator
		{BAC22293-4586-4F77-B962-DF646EE2802C}.Release|iPhoneSimulator.Build.0 = Release|iPhoneSimulator
		{BAC22293-4586-4F77-B962-DF646EE2802C}.Release|iPhoneSimulator.Deploy.0 = Release|iPhoneSimulator
		{BAC22293-4586-4F77-B962-DF646EE2802C}.Release|x64.ActiveCfg = Release|iPhone
		{BAC22293-4586-4F77-B962-DF646EE2802C}.Release|x64.Build.0 = Release|iPhone
		{BAC22293-4586-4F77-B962-DF646EE2802C}.Release|x64.Deploy.0 = Release|iPhone
		{BAC22293-4586-4F77-B962-DF646EE2802C}.Release|x86.ActiveCfg = Release|iPhone
		{BAC22293-4586-4F77-B962-DF646EE2802C}.Release|x86.Build.0 = Release|iPhone
		{BAC22293-4586-4F77-B962-DF646EE2802C}.Release|x86.Deploy.0 = Release|iPhone
		{E40DF4A2-859E-4ED9-BC1B-B78F314CA7F0}.Ad-Hoc|Any CPU.ActiveCfg = Release|x86
		{E40DF4A2-859E-4ED9-BC1B-B78F314CA7F0}.Ad-Hoc|Any CPU.Build.0 = Release|x86
		{E40DF4A2-859E-4ED9-BC1B-B78F314CA7F0}.Ad-Hoc|Any CPU.Deploy.0 = Release|x86
		{E40DF4A2-859E-4ED9-BC1B-B78F314CA7F0}.Ad-Hoc|ARM.ActiveCfg = Release|ARM
		{E40DF4A2-859E-4ED9-BC1B-B78F314CA7F0}.Ad-Hoc|ARM.Build.0 = Release|ARM
		{E40DF4A2-859E-4ED9-BC1B-B78F314CA7F0}.Ad-Hoc|ARM.Deploy.0 = Release|ARM
		{E40DF4A2-859E-4ED9-BC1B-B78F314CA7F0}.Ad-Hoc|iPhone.ActiveCfg = Release|x86
		{E40DF4A2-859E-4ED9-BC1B-B78F314CA7F0}.Ad-Hoc|iPhone.Build.0 = Release|x86
		{E40DF4A2-859E-4ED9-BC1B-B78F314CA7F0}.Ad-Hoc|iPhone.Deploy.0 = Release|x86
		{E40DF4A2-859E-4ED9-BC1B-B78F314CA7F0}.Ad-Hoc|iPhoneSimulator.ActiveCfg = Release|x86
		{E40DF4A2-859E-4ED9-BC1B-B78F314CA7F0}.Ad-Hoc|iPhoneSimulator.Build.0 = Release|x86
		{E40DF4A2-859E-4ED9-BC1B-B78F314CA7F0}.Ad-Hoc|iPhoneSimulator.Deploy.0 = Release|x86
		{E40DF4A2-859E-4ED9-BC1B-B78F314CA7F0}.Ad-Hoc|x64.ActiveCfg = Release|x64
		{E40DF4A2-859E-4ED9-BC1B-B78F314CA7F0}.Ad-Hoc|x64.Build.0 = Release|x64
		{E40DF4A2-859E-4ED9-BC1B-B78F314CA7F0}.Ad-Hoc|x64.Deploy.0 = Release|x64
		{E40DF4A2-859E-4ED9-BC1B-B78F314CA7F0}.Ad-Hoc|x86.ActiveCfg = Release|x86
		{E40DF4A2-859E-4ED9-BC1B-B78F314CA7F0}.Ad-Hoc|x86.Build.0 = Release|x86
		{E40DF4A2-859E-4ED9-BC1B-B78F314CA7F0}.Ad-Hoc|x86.Deploy.0 = Release|x86
		{E40DF4A2-859E-4ED9-BC1B-B78F314CA7F0}.AppStore|Any CPU.ActiveCfg = Release|x86
		{E40DF4A2-859E-4ED9-BC1B-B78F314CA7F0}.AppStore|Any CPU.Build.0 = Release|x86
		{E40DF4A2-859E-4ED9-BC1B-B78F314CA7F0}.AppStore|Any CPU.Deploy.0 = Release|x86
		{E40DF4A2-859E-4ED9-BC1B-B78F314CA7F0}.AppStore|ARM.ActiveCfg = Release|ARM
		{E40DF4A2-859E-4ED9-BC1B-B78F314CA7F0}.AppStore|ARM.Build.0 = Release|ARM
		{E40DF4A2-859E-4ED9-BC1B-B78F314CA7F0}.AppStore|ARM.Deploy.0 = Release|ARM
		{E40DF4A2-859E-4ED9-BC1B-B78F314CA7F0}.AppStore|iPhone.ActiveCfg = Release|x86
		{E40DF4A2-859E-4ED9-BC1B-B78F314CA7F0}.AppStore|iPhone.Build.0 = Release|x86
		{E40DF4A2-859E-4ED9-BC1B-B78F314CA7F0}.AppStore|iPhone.Deploy.0 = Release|x86
		{E40DF4A2-859E-4ED9-BC1B-B78F314CA7F0}.AppStore|iPhoneSimulator.ActiveCfg = Release|x86
		{E40DF4A2-859E-4ED9-BC1B-B78F314CA7F0}.AppStore|iPhoneSimulator.Build.0 = Release|x86
		{E40DF4A2-859E-4ED9-BC1B-B78F314CA7F0}.AppStore|iPhoneSimulator.Deploy.0 = Release|x86
		{E40DF4A2-859E-4ED9-BC1B-B78F314CA7F0}.AppStore|x64.ActiveCfg = Release|x64
		{E40DF4A2-859E-4ED9-BC1B-B78F314CA7F0}.AppStore|x64.Build.0 = Release|x64
		{E40DF4A2-859E-4ED9-BC1B-B78F314CA7F0}.AppStore|x64.Deploy.0 = Release|x64
		{E40DF4A2-859E-4ED9-BC1B-B78F314CA7F0}.AppStore|x86.ActiveCfg = Release|x86
		{E40DF4A2-859E-4ED9-BC1B-B78F314CA7F0}.AppStore|x86.Build.0 = Release|x86
		{E40DF4A2-859E-4ED9-BC1B-B78F314CA7F0}.AppStore|x86.Deploy.0 = Release|x86
		{E40DF4A2-859E-4ED9-BC1B-B78F314CA7F0}.Debug|Any CPU.ActiveCfg = Debug|x86
		{E40DF4A2-859E-4ED9-BC1B-B78F314CA7F0}.Debug|Any CPU.Build.0 = Debug|x86
		{E40DF4A2-859E-4ED9-BC1B-B78F314CA7F0}.Debug|Any CPU.Deploy.0 = Debug|x86
		{E40DF4A2-859E-4ED9-BC1B-B78F314CA7F0}.Debug|ARM.ActiveCfg = Debug|ARM
		{E40DF4A2-859E-4ED9-BC1B-B78F314CA7F0}.Debug|ARM.Build.0 = Debug|ARM
		{E40DF4A2-859E-4ED9-BC1B-B78F314CA7F0}.Debug|ARM.Deploy.0 = Debug|ARM
		{E40DF4A2-859E-4ED9-BC1B-B78F314CA7F0}.Debug|iPhone.ActiveCfg = Debug|x86
		{E40DF4A2-859E-4ED9-BC1B-B78F314CA7F0}.Debug|iPhone.Build.0 = Debug|x86
		{E40DF4A2-859E-4ED9-BC1B-B78F314CA7F0}.Debug|iPhone.Deploy.0 = Debug|x86
		{E40DF4A2-859E-4ED9-BC1B-B78F314CA7F0}.Debug|iPhoneSimulator.ActiveCfg = Debug|x86
		{E40DF4A2-859E-4ED9-BC1B-B78F314CA7F0}.Debug|iPhoneSimulator.Build.0 = Debug|x86
		{E40DF4A2-859E-4ED9-BC1B-B78F314CA7F0}.Debug|iPhoneSimulator.Deploy.0 = Debug|x86
		{E40DF4A2-859E-4ED9-BC1B-B78F314CA7F0}.Debug|x64.ActiveCfg = Debug|x64
		{E40DF4A2-859E-4ED9-BC1B-B78F314CA7F0}.Debug|x64.Build.0 = Debug|x64
		{E40DF4A2-859E-4ED9-BC1B-B78F314CA7F0}.Debug|x64.Deploy.0 = Debug|x64
		{E40DF4A2-859E-4ED9-BC1B-B78F314CA7F0}.Debug|x86.ActiveCfg = Debug|x86
		{E40DF4A2-859E-4ED9-BC1B-B78F314CA7F0}.Debug|x86.Build.0 = Debug|x86
		{E40DF4A2-859E-4ED9-BC1B-B78F314CA7F0}.Debug|x86.Deploy.0 = Debug|x86
		{E40DF4A2-859E-4ED9-BC1B-B78F314CA7F0}.Release|Any CPU.ActiveCfg = Release|x86
		{E40DF4A2-859E-4ED9-BC1B-B78F314CA7F0}.Release|Any CPU.Build.0 = Release|x86
		{E40DF4A2-859E-4ED9-BC1B-B78F314CA7F0}.Release|Any CPU.Deploy.0 = Release|x86
		{E40DF4A2-859E-4ED9-BC1B-B78F314CA7F0}.Release|ARM.ActiveCfg = Release|ARM
		{E40DF4A2-859E-4ED9-BC1B-B78F314CA7F0}.Release|ARM.Build.0 = Release|ARM
		{E40DF4A2-859E-4ED9-BC1B-B78F314CA7F0}.Release|ARM.Deploy.0 = Release|ARM
		{E40DF4A2-859E-4ED9-BC1B-B78F314CA7F0}.Release|iPhone.ActiveCfg = Release|x86
		{E40DF4A2-859E-4ED9-BC1B-B78F314CA7F0}.Release|iPhone.Build.0 = Release|x86
		{E40DF4A2-859E-4ED9-BC1B-B78F314CA7F0}.Release|iPhone.Deploy.0 = Release|x86
		{E40DF4A2-859E-4ED9-BC1B-B78F314CA7F0}.Release|iPhoneSimulator.ActiveCfg = Release|x86
		{E40DF4A2-859E-4ED9-BC1B-B78F314CA7F0}.Release|iPhoneSimulator.Build.0 = Release|x86
		{E40DF4A2-859E-4ED9-BC1B-B78F314CA7F0}.Release|iPhoneSimulator.Deploy.0 = Release|x86
		{E40DF4A2-859E-4ED9-BC1B-B78F314CA7F0}.Release|x64.ActiveCfg = Release|x64
		{E40DF4A2-859E-4ED9-BC1B-B78F314CA7F0}.Release|x64.Build.0 = Release|x64
		{E40DF4A2-859E-4ED9-BC1B-B78F314CA7F0}.Release|x64.Deploy.0 = Release|x64
		{E40DF4A2-859E-4ED9-BC1B-B78F314CA7F0}.Release|x86.ActiveCfg = Release|x86
		{E40DF4A2-859E-4ED9-BC1B-B78F314CA7F0}.Release|x86.Build.0 = Release|x86
		{E40DF4A2-859E-4ED9-BC1B-B78F314CA7F0}.Release|x86.Deploy.0 = Release|x86
		{F9C27327-5204-4EBB-BF6F-9592523837A7}.Ad-Hoc|Any CPU.ActiveCfg = Debug|Any CPU
		{F9C27327-5204-4EBB-BF6F-9592523837A7}.Ad-Hoc|Any CPU.Build.0 = Debug|Any CPU
		{F9C27327-5204-4EBB-BF6F-9592523837A7}.Ad-Hoc|Any CPU.Deploy.0 = Debug|Any CPU
		{F9C27327-5204-4EBB-BF6F-9592523837A7}.Ad-Hoc|ARM.ActiveCfg = Debug|Any CPU
		{F9C27327-5204-4EBB-BF6F-9592523837A7}.Ad-Hoc|ARM.Build.0 = Debug|Any CPU
		{F9C27327-5204-4EBB-BF6F-9592523837A7}.Ad-Hoc|ARM.Deploy.0 = Debug|Any CPU
		{F9C27327-5204-4EBB-BF6F-9592523837A7}.Ad-Hoc|iPhone.ActiveCfg = Debug|Any CPU
		{F9C27327-5204-4EBB-BF6F-9592523837A7}.Ad-Hoc|iPhone.Build.0 = Debug|Any CPU
		{F9C27327-5204-4EBB-BF6F-9592523837A7}.Ad-Hoc|iPhone.Deploy.0 = Debug|Any CPU
		{F9C27327-5204-4EBB-BF6F-9592523837A7}.Ad-Hoc|iPhoneSimulator.ActiveCfg = Debug|Any CPU
		{F9C27327-5204-4EBB-BF6F-9592523837A7}.Ad-Hoc|iPhoneSimulator.Build.0 = Debug|Any CPU
		{F9C27327-5204-4EBB-BF6F-9592523837A7}.Ad-Hoc|iPhoneSimulator.Deploy.0 = Debug|Any CPU
		{F9C27327-5204-4EBB-BF6F-9592523837A7}.Ad-Hoc|x64.ActiveCfg = Debug|Any CPU
		{F9C27327-5204-4EBB-BF6F-9592523837A7}.Ad-Hoc|x64.Build.0 = Debug|Any CPU
		{F9C27327-5204-4EBB-BF6F-9592523837A7}.Ad-Hoc|x64.Deploy.0 = Debug|Any CPU
		{F9C27327-5204-4EBB-BF6F-9592523837A7}.Ad-Hoc|x86.ActiveCfg = Debug|Any CPU
		{F9C27327-5204-4EBB-BF6F-9592523837A7}.Ad-Hoc|x86.Build.0 = Debug|Any CPU
		{F9C27327-5204-4EBB-BF6F-9592523837A7}.Ad-Hoc|x86.Deploy.0 = Debug|Any CPU
		{F9C27327-5204-4EBB-BF6F-9592523837A7}.AppStore|Any CPU.ActiveCfg = Debug|Any CPU
		{F9C27327-5204-4EBB-BF6F-9592523837A7}.AppStore|Any CPU.Build.0 = Debug|Any CPU
		{F9C27327-5204-4EBB-BF6F-9592523837A7}.AppStore|Any CPU.Deploy.0 = Debug|Any CPU
		{F9C27327-5204-4EBB-BF6F-9592523837A7}.AppStore|ARM.ActiveCfg = Debug|Any CPU
		{F9C27327-5204-4EBB-BF6F-9592523837A7}.AppStore|ARM.Build.0 = Debug|Any CPU
		{F9C27327-5204-4EBB-BF6F-9592523837A7}.AppStore|ARM.Deploy.0 = Debug|Any CPU
		{F9C27327-5204-4EBB-BF6F-9592523837A7}.AppStore|iPhone.ActiveCfg = Debug|Any CPU
		{F9C27327-5204-4EBB-BF6F-9592523837A7}.AppStore|iPhone.Build.0 = Debug|Any CPU
		{F9C27327-5204-4EBB-BF6F-9592523837A7}.AppStore|iPhone.Deploy.0 = Debug|Any CPU
		{F9C27327-5204-4EBB-BF6F-9592523837A7}.AppStore|iPhoneSimulator.ActiveCfg = Debug|Any CPU
		{F9C27327-5204-4EBB-BF6F-9592523837A7}.AppStore|iPhoneSimulator.Build.0 = Debug|Any CPU
		{F9C27327-5204-4EBB-BF6F-9592523837A7}.AppStore|iPhoneSimulator.Deploy.0 = Debug|Any CPU
		{F9C27327-5204-4EBB-BF6F-9592523837A7}.AppStore|x64.ActiveCfg = Debug|Any CPU
		{F9C27327-5204-4EBB-BF6F-9592523837A7}.AppStore|x64.Build.0 = Debug|Any CPU
		{F9C27327-5204-4EBB-BF6F-9592523837A7}.AppStore|x64.Deploy.0 = Debug|Any CPU
		{F9C27327-5204-4EBB-BF6F-9592523837A7}.AppStore|x86.ActiveCfg = Debug|Any CPU
		{F9C27327-5204-4EBB-BF6F-9592523837A7}.AppStore|x86.Build.0 = Debug|Any CPU
		{F9C27327-5204-4EBB-BF6F-9592523837A7}.AppStore|x86.Deploy.0 = Debug|Any CPU
		{F9C27327-5204-4EBB-BF6F-9592523837A7}.Debug|Any CPU.ActiveCfg = Debug|Any CPU
		{F9C27327-5204-4EBB-BF6F-9592523837A7}.Debug|Any CPU.Build.0 = Debug|Any CPU
		{F9C27327-5204-4EBB-BF6F-9592523837A7}.Debug|Any CPU.Deploy.0 = Debug|Any CPU
		{F9C27327-5204-4EBB-BF6F-9592523837A7}.Debug|ARM.ActiveCfg = Debug|Any CPU
		{F9C27327-5204-4EBB-BF6F-9592523837A7}.Debug|ARM.Build.0 = Debug|Any CPU
		{F9C27327-5204-4EBB-BF6F-9592523837A7}.Debug|ARM.Deploy.0 = Debug|Any CPU
		{F9C27327-5204-4EBB-BF6F-9592523837A7}.Debug|iPhone.ActiveCfg = Debug|Any CPU
		{F9C27327-5204-4EBB-BF6F-9592523837A7}.Debug|iPhone.Build.0 = Debug|Any CPU
		{F9C27327-5204-4EBB-BF6F-9592523837A7}.Debug|iPhone.Deploy.0 = Debug|Any CPU
		{F9C27327-5204-4EBB-BF6F-9592523837A7}.Debug|iPhoneSimulator.ActiveCfg = Debug|Any CPU
		{F9C27327-5204-4EBB-BF6F-9592523837A7}.Debug|iPhoneSimulator.Build.0 = Debug|Any CPU
		{F9C27327-5204-4EBB-BF6F-9592523837A7}.Debug|iPhoneSimulator.Deploy.0 = Debug|Any CPU
		{F9C27327-5204-4EBB-BF6F-9592523837A7}.Debug|x64.ActiveCfg = Debug|Any CPU
		{F9C27327-5204-4EBB-BF6F-9592523837A7}.Debug|x64.Build.0 = Debug|Any CPU
		{F9C27327-5204-4EBB-BF6F-9592523837A7}.Debug|x64.Deploy.0 = Debug|Any CPU
		{F9C27327-5204-4EBB-BF6F-9592523837A7}.Debug|x86.ActiveCfg = Debug|Any CPU
		{F9C27327-5204-4EBB-BF6F-9592523837A7}.Debug|x86.Build.0 = Debug|Any CPU
		{F9C27327-5204-4EBB-BF6F-9592523837A7}.Debug|x86.Deploy.0 = Debug|Any CPU
		{F9C27327-5204-4EBB-BF6F-9592523837A7}.Release|Any CPU.ActiveCfg = Release|Any CPU
		{F9C27327-5204-4EBB-BF6F-9592523837A7}.Release|Any CPU.Build.0 = Release|Any CPU
		{F9C27327-5204-4EBB-BF6F-9592523837A7}.Release|Any CPU.Deploy.0 = Release|Any CPU
		{F9C27327-5204-4EBB-BF6F-9592523837A7}.Release|ARM.ActiveCfg = Release|Any CPU
		{F9C27327-5204-4EBB-BF6F-9592523837A7}.Release|ARM.Build.0 = Release|Any CPU
		{F9C27327-5204-4EBB-BF6F-9592523837A7}.Release|ARM.Deploy.0 = Release|Any CPU
		{F9C27327-5204-4EBB-BF6F-9592523837A7}.Release|iPhone.ActiveCfg = Release|Any CPU
		{F9C27327-5204-4EBB-BF6F-9592523837A7}.Release|iPhone.Build.0 = Release|Any CPU
		{F9C27327-5204-4EBB-BF6F-9592523837A7}.Release|iPhone.Deploy.0 = Release|Any CPU
		{F9C27327-5204-4EBB-BF6F-9592523837A7}.Release|iPhoneSimulator.ActiveCfg = Release|Any CPU
		{F9C27327-5204-4EBB-BF6F-9592523837A7}.Release|iPhoneSimulator.Build.0 = Release|Any CPU
		{F9C27327-5204-4EBB-BF6F-9592523837A7}.Release|iPhoneSimulator.Deploy.0 = Release|Any CPU
		{F9C27327-5204-4EBB-BF6F-9592523837A7}.Release|x64.ActiveCfg = Release|Any CPU
		{F9C27327-5204-4EBB-BF6F-9592523837A7}.Release|x64.Build.0 = Release|Any CPU
		{F9C27327-5204-4EBB-BF6F-9592523837A7}.Release|x64.Deploy.0 = Release|Any CPU
		{F9C27327-5204-4EBB-BF6F-9592523837A7}.Release|x86.ActiveCfg = Release|Any CPU
		{F9C27327-5204-4EBB-BF6F-9592523837A7}.Release|x86.Build.0 = Release|Any CPU
		{F9C27327-5204-4EBB-BF6F-9592523837A7}.Release|x86.Deploy.0 = Release|Any CPU
	EndGlobalSection
	GlobalSection(SolutionProperties) = preSolution
		HideSolutionNode = FALSE
	EndGlobalSection
	GlobalSection(ExtensibilityGlobals) = postSolution
		SolutionGuid = {BF923B48-D3FA-4C17-9287-97A3DDEE6068}
	EndGlobalSection
EndGlobal
